
Microsoft Visual Studio Solution File, Format Version 12.00
# Visual Studio Version 16
VisualStudioVersion = 16.0.32802.440
MinimumVisualStudioVersion = 10.0.40219.1
Project("{FAE04EC0-301F-11D3-BF4B-00C04F79EFBC}") = "TaskManagementSystem", "TaskManagementSystem\TaskManagementSystem.csproj", "{02B33394-3361-4B8B-B3D8-0C327CBA6B93}"
EndProject
Global
	GlobalSection(SolutionConfigurationPlatforms) = preSolution
		Debug|Any CPU = Debug|Any CPU
		Release|Any CPU = Release|Any CPU
	EndGlobalSection
	GlobalSection(ProjectConfigurationPlatforms) = postSolution
		{02B33394-3361-4B8B-B3D8-0C327CBA6B93}.Debug|Any CPU.ActiveCfg = Debug|Any CPU
		{02B33394-3361-4B8B-B3D8-0C327CBA6B93}.Debug|Any CPU.Build.0 = Debug|Any CPU
		{02B33394-3361-4B8B-B3D8-0C327CBA6B93}.Release|Any CPU.ActiveCfg = Release|Any CPU
		{02B33394-3361-4B8B-B3D8-0C327CBA6B93}.Release|Any CPU.Build.0 = Release|Any CPU
	EndGlobalSection
	GlobalSection(SolutionProperties) = preSolution
		HideSolutionNode = FALSE
	EndGlobalSection
	GlobalSection(ExtensibilityGlobals) = postSolution
		SolutionGuid = {FF487508-B544-4E3F-BC42-A1ACDE29A90E}
	EndGlobalSection
EndGlobal
